
Microsoft Visual Studio Solution File, Format Version 12.00
# Visual Studio Version 17
VisualStudioVersion = 17.4.33213.308
MinimumVisualStudioVersion = 10.0.40219.1
Project("{9A19103F-16F7-4668-BE54-9A1E7A4F7556}") = "BolsaValoresAPI", "BolsaValoresAPI\BolsaValoresAPI.csproj", "{BBDD7DB0-5679-4135-93A4-75107E29B39B}"
EndProject
Project("{9A19103F-16F7-4668-BE54-9A1E7A4F7556}") = "BolsaValores.Business", "BolsaValores.Business\BolsaValores.Business.csproj", "{5C0F8180-804D-4CAF-97BE-58085BBDE0FA}"
EndProject
Project("{9A19103F-16F7-4668-BE54-9A1E7A4F7556}") = "BolsaValores.Client", "BolsaValores.Client\BolsaValores.Client.csproj", "{9B9A7CE9-787A-4E11-80B8-24E17DE83D0E}"
EndProject
Project("{9A19103F-16F7-4668-BE54-9A1E7A4F7556}") = "BolsaValores.Shared", "BolsaValores.Shared\BolsaValores.Shared.csproj", "{CCEB19CE-72C5-49B1-97D6-2FFAC467B8B6}"
EndProject
Project("{FAE04EC0-301F-11D3-BF4B-00C04F79EFBC}") = "BolsaValores.DataAccess", "BolsaValores.DataAccess\BolsaValores.DataAccess.csproj", "{3FE83617-C68C-4381-9CE5-79E3E8B0D9F1}"
EndProject
Global
	GlobalSection(SolutionConfigurationPlatforms) = preSolution
		Debug|Any CPU = Debug|Any CPU
		Release|Any CPU = Release|Any CPU
	EndGlobalSection
	GlobalSection(ProjectConfigurationPlatforms) = postSolution
		{BBDD7DB0-5679-4135-93A4-75107E29B39B}.Debug|Any CPU.ActiveCfg = Debug|Any CPU
		{BBDD7DB0-5679-4135-93A4-75107E29B39B}.Debug|Any CPU.Build.0 = Debug|Any CPU
		{BBDD7DB0-5679-4135-93A4-75107E29B39B}.Release|Any CPU.ActiveCfg = Release|Any CPU
		{BBDD7DB0-5679-4135-93A4-75107E29B39B}.Release|Any CPU.Build.0 = Release|Any CPU
		{5C0F8180-804D-4CAF-97BE-58085BBDE0FA}.Debug|Any CPU.ActiveCfg = Debug|Any CPU
		{5C0F8180-804D-4CAF-97BE-58085BBDE0FA}.Debug|Any CPU.Build.0 = Debug|Any CPU
		{5C0F8180-804D-4CAF-97BE-58085BBDE0FA}.Release|Any CPU.ActiveCfg = Release|Any CPU
		{5C0F8180-804D-4CAF-97BE-58085BBDE0FA}.Release|Any CPU.Build.0 = Release|Any CPU
		{9B9A7CE9-787A-4E11-80B8-24E17DE83D0E}.Debug|Any CPU.ActiveCfg = Debug|Any CPU
		{9B9A7CE9-787A-4E11-80B8-24E17DE83D0E}.Debug|Any CPU.Build.0 = Debug|Any CPU
		{9B9A7CE9-787A-4E11-80B8-24E17DE83D0E}.Release|Any CPU.ActiveCfg = Release|Any CPU
		{9B9A7CE9-787A-4E11-80B8-24E17DE83D0E}.Release|Any CPU.Build.0 = Release|Any CPU
		{CCEB19CE-72C5-49B1-97D6-2FFAC467B8B6}.Debug|Any CPU.ActiveCfg = Debug|Any CPU
		{CCEB19CE-72C5-49B1-97D6-2FFAC467B8B6}.Debug|Any CPU.Build.0 = Debug|Any CPU
		{CCEB19CE-72C5-49B1-97D6-2FFAC467B8B6}.Release|Any CPU.ActiveCfg = Release|Any CPU
		{CCEB19CE-72C5-49B1-97D6-2FFAC467B8B6}.Release|Any CPU.Build.0 = Release|Any CPU
		{3FE83617-C68C-4381-9CE5-79E3E8B0D9F1}.Debug|Any CPU.ActiveCfg = Debug|Any CPU
		{3FE83617-C68C-4381-9CE5-79E3E8B0D9F1}.Debug|Any CPU.Build.0 = Debug|Any CPU
		{3FE83617-C68C-4381-9CE5-79E3E8B0D9F1}.Release|Any CPU.ActiveCfg = Release|Any CPU
		{3FE83617-C68C-4381-9CE5-79E3E8B0D9F1}.Release|Any CPU.Build.0 = Release|Any CPU
	EndGlobalSection
	GlobalSection(SolutionProperties) = preSolution
		HideSolutionNode = FALSE
	EndGlobalSection
	GlobalSection(ExtensibilityGlobals) = postSolution
		SolutionGuid = {1AD4FF7F-4BF4-4E3A-B90E-03AD4D285AC4}
	EndGlobalSection
EndGlobal
